// !$*UTF8*$!
{
	archiveVersion = 1;
	classes = {
	};
	objectVersion = 46;
	objects = {

/* Begin PBXBuildFile section */
		062ECDC11CEE520300155906 /* setting_New.png in Resources */ = {isa = PBXBuildFile; fileRef = 062ECDC01CEE520300155906 /* setting_New.png */; };
		067972F61CCFA20200F9702C /* purpleScanner.m in Sources */ = {isa = PBXBuildFile; fileRef = 067972F51CCFA20200F9702C /* purpleScanner.m */; };
		069997EE1CF54F8A00C85E9C /* purpleMarkDown.m in Sources */ = {isa = PBXBuildFile; fileRef = 069997ED1CF54F8A00C85E9C /* purpleMarkDown.m */; };
		069BF4451D0126EF00BA9E3E /* purpleBaseLayout.m in Sources */ = {isa = PBXBuildFile; fileRef = 069BF4441D0126EF00BA9E3E /* purpleBaseLayout.m */; };
		069BF4581D012EE400BA9E3E /* purpleLayoutPluginConfigs.m in Sources */ = {isa = PBXBuildFile; fileRef = 069BF4571D012EE400BA9E3E /* purpleLayoutPluginConfigs.m */; };
		069BF45B1D0130BC00BA9E3E /* purpleBlackRoseLayout.m in Sources */ = {isa = PBXBuildFile; fileRef = 069BF45A1D0130BC00BA9E3E /* purpleBlackRoseLayout.m */; };
		06A2E9571CB56865001918FB /* main.m in Sources */ = {isa = PBXBuildFile; fileRef = 06A2E9561CB56865001918FB /* main.m */; };
		06A2E95A1CB56865001918FB /* AppDelegate.m in Sources */ = {isa = PBXBuildFile; fileRef = 06A2E9591CB56865001918FB /* AppDelegate.m */; };
		06A2E95D1CB56865001918FB /* ViewController.m in Sources */ = {isa = PBXBuildFile; fileRef = 06A2E95C1CB56865001918FB /* ViewController.m */; };
		06A2E9601CB56865001918FB /* Main.storyboard in Resources */ = {isa = PBXBuildFile; fileRef = 06A2E95E1CB56865001918FB /* Main.storyboard */; };
		06A2E9621CB56865001918FB /* Assets.xcassets in Resources */ = {isa = PBXBuildFile; fileRef = 06A2E9611CB56865001918FB /* Assets.xcassets */; };
		06A2E9651CB56865001918FB /* LaunchScreen.storyboard in Resources */ = {isa = PBXBuildFile; fileRef = 06A2E9631CB56865001918FB /* LaunchScreen.storyboard */; };
		06A2E9701CB56865001918FB /* markDownTests.m in Sources */ = {isa = PBXBuildFile; fileRef = 06A2E96F1CB56865001918FB /* markDownTests.m */; };
		06A2E97B1CB56865001918FB /* markDownUITests.m in Sources */ = {isa = PBXBuildFile; fileRef = 06A2E97A1CB56865001918FB /* markDownUITests.m */; };
		06A405C01CE97B7600BF3625 /* purpleShowView.m in Sources */ = {isa = PBXBuildFile; fileRef = 06A405BF1CE97B7600BF3625 /* purpleShowView.m */; };
		06B2D0921CCD36DB00D2E6F3 /* purpleDocument.m in Sources */ = {isa = PBXBuildFile; fileRef = 06B2D0911CCD36DB00D2E6F3 /* purpleDocument.m */; };
		06B2D0951CCD37A300D2E6F3 /* purpleElement.m in Sources */ = {isa = PBXBuildFile; fileRef = 06B2D0941CCD37A300D2E6F3 /* purpleElement.m */; };
		06D04F631CF9A59200044FA2 /* AFHTTPRequestOperation.m in Sources */ = {isa = PBXBuildFile; fileRef = 06D04F511CF9A59200044FA2 /* AFHTTPRequestOperation.m */; };
		06D04F641CF9A59200044FA2 /* AFHTTPRequestOperationManager.m in Sources */ = {isa = PBXBuildFile; fileRef = 06D04F531CF9A59200044FA2 /* AFHTTPRequestOperationManager.m */; };
		06D04F651CF9A59200044FA2 /* AFHTTPSessionManager.m in Sources */ = {isa = PBXBuildFile; fileRef = 06D04F551CF9A59200044FA2 /* AFHTTPSessionManager.m */; };
		06D04F661CF9A59200044FA2 /* AFNetworkReachabilityManager.m in Sources */ = {isa = PBXBuildFile; fileRef = 06D04F581CF9A59200044FA2 /* AFNetworkReachabilityManager.m */; };
		06D04F671CF9A59200044FA2 /* AFSecurityPolicy.m in Sources */ = {isa = PBXBuildFile; fileRef = 06D04F5A1CF9A59200044FA2 /* AFSecurityPolicy.m */; };
		06D04F681CF9A59200044FA2 /* AFURLConnectionOperation.m in Sources */ = {isa = PBXBuildFile; fileRef = 06D04F5C1CF9A59200044FA2 /* AFURLConnectionOperation.m */; };
		06D04F691CF9A59200044FA2 /* AFURLRequestSerialization.m in Sources */ = {isa = PBXBuildFile; fileRef = 06D04F5E1CF9A59200044FA2 /* AFURLRequestSerialization.m */; };
		06D04F6A1CF9A59200044FA2 /* AFURLResponseSerialization.m in Sources */ = {isa = PBXBuildFile; fileRef = 06D04F601CF9A59200044FA2 /* AFURLResponseSerialization.m */; };
		06D04F6B1CF9A59200044FA2 /* AFURLSessionManager.m in Sources */ = {isa = PBXBuildFile; fileRef = 06D04F621CF9A59200044FA2 /* AFURLSessionManager.m */; };
		06D04F6E1CF9A59F00044FA2 /* UrlPhoto.m in Sources */ = {isa = PBXBuildFile; fileRef = 06D04F6D1CF9A59F00044FA2 /* UrlPhoto.m */; };
		06D04F711CF9A64900044FA2 /* PhotoPathManager.m in Sources */ = {isa = PBXBuildFile; fileRef = 06D04F701CF9A64900044FA2 /* PhotoPathManager.m */; };
		06F795321CCE8A15002083D9 /* purpleParse.m in Sources */ = {isa = PBXBuildFile; fileRef = 06F795311CCE8A15002083D9 /* purpleParse.m */; };
/* End PBXBuildFile section */

/* Begin PBXContainerItemProxy section */
		06A2E96C1CB56865001918FB /* PBXContainerItemProxy */ = {
			isa = PBXContainerItemProxy;
			containerPortal = 06A2E94A1CB56865001918FB /* Project object */;
			proxyType = 1;
			remoteGlobalIDString = 06A2E9511CB56865001918FB;
			remoteInfo = markDown;
		};
		06A2E9771CB56865001918FB /* PBXContainerItemProxy */ = {
			isa = PBXContainerItemProxy;
			containerPortal = 06A2E94A1CB56865001918FB /* Project object */;
			proxyType = 1;
			remoteGlobalIDString = 06A2E9511CB56865001918FB;
			remoteInfo = markDown;
		};
/* End PBXContainerItemProxy section */

/* Begin PBXFileReference section */
		062ECDC01CEE520300155906 /* setting_New.png */ = {isa = PBXFileReference; lastKnownFileType = image.png; path = setting_New.png; sourceTree = SOURCE_ROOT; };
		067972F41CCFA20200F9702C /* purpleScanner.h */ = {isa = PBXFileReference; fileEncoding = 4; lastKnownFileType = sourcecode.c.h; name = purpleScanner.h; path = purpleText/purpleScanner.h; sourceTree = "<group>"; };
		067972F51CCFA20200F9702C /* purpleScanner.m */ = {isa = PBXFileReference; fileEncoding = 4; lastKnownFileType = sourcecode.c.objc; name = purpleScanner.m; path = purpleText/purpleScanner.m; sourceTree = "<group>"; };
		069997EC1CF54F8A00C85E9C /* purpleMarkDown.h */ = {isa = PBXFileReference; fileEncoding = 4; lastKnownFileType = sourcecode.c.h; name = purpleMarkDown.h; path = purpleText/purpleMarkDown.h; sourceTree = "<group>"; };
		069997ED1CF54F8A00C85E9C /* purpleMarkDown.m */ = {isa = PBXFileReference; fileEncoding = 4; lastKnownFileType = sourcecode.c.objc; name = purpleMarkDown.m; path = purpleText/purpleMarkDown.m; sourceTree = "<group>"; };
		069BF4431D0126EF00BA9E3E /* purpleBaseLayout.h */ = {isa = PBXFileReference; fileEncoding = 4; lastKnownFileType = sourcecode.c.h; name = purpleBaseLayout.h; path = purpleShow/purpleBaseLayout.h; sourceTree = "<group>"; };
		069BF4441D0126EF00BA9E3E /* purpleBaseLayout.m */ = {isa = PBXFileReference; fileEncoding = 4; lastKnownFileType = sourcecode.c.objc; name = purpleBaseLayout.m; path = purpleShow/purpleBaseLayout.m; sourceTree = "<group>"; };
		069BF4561D012EE400BA9E3E /* purpleLayoutPluginConfigs.h */ = {isa = PBXFileReference; fileEncoding = 4; lastKnownFileType = sourcecode.c.h; name = purpleLayoutPluginConfigs.h; path = purpleShow/purpleLayoutPluginConfigs.h; sourceTree = "<group>"; };
		069BF4571D012EE400BA9E3E /* purpleLayoutPluginConfigs.m */ = {isa = PBXFileReference; fileEncoding = 4; lastKnownFileType = sourcecode.c.objc; name = purpleLayoutPluginConfigs.m; path = purpleShow/purpleLayoutPluginConfigs.m; sourceTree = "<group>"; };
		069BF4591D0130BC00BA9E3E /* purpleBlackRoseLayout.h */ = {isa = PBXFileReference; fileEncoding = 4; lastKnownFileType = sourcecode.c.h; name = purpleBlackRoseLayout.h; path = purpleShow/purpleBlackRoseLayout.h; sourceTree = "<group>"; };
		069BF45A1D0130BC00BA9E3E /* purpleBlackRoseLayout.m */ = {isa = PBXFileReference; fileEncoding = 4; lastKnownFileType = sourcecode.c.objc; name = purpleBlackRoseLayout.m; path = purpleShow/purpleBlackRoseLayout.m; sourceTree = "<group>"; };
		06A2E9521CB56865001918FB /* markDown.app */ = {isa = PBXFileReference; explicitFileType = wrapper.application; includeInIndex = 0; path = markDown.app; sourceTree = BUILT_PRODUCTS_DIR; };
		06A2E9561CB56865001918FB /* main.m */ = {isa = PBXFileReference; lastKnownFileType = sourcecode.c.objc; path = main.m; sourceTree = "<group>"; };
		06A2E9581CB56865001918FB /* AppDelegate.h */ = {isa = PBXFileReference; lastKnownFileType = sourcecode.c.h; path = AppDelegate.h; sourceTree = "<group>"; };
		06A2E9591CB56865001918FB /* AppDelegate.m */ = {isa = PBXFileReference; lastKnownFileType = sourcecode.c.objc; path = AppDelegate.m; sourceTree = "<group>"; };
		06A2E95B1CB56865001918FB /* ViewController.h */ = {isa = PBXFileReference; lastKnownFileType = sourcecode.c.h; path = ViewController.h; sourceTree = "<group>"; };
		06A2E95C1CB56865001918FB /* ViewController.m */ = {isa = PBXFileReference; lastKnownFileType = sourcecode.c.objc; path = ViewController.m; sourceTree = "<group>"; };
		06A2E95F1CB56865001918FB /* Base */ = {isa = PBXFileReference; lastKnownFileType = file.storyboard; name = Base; path = Base.lproj/Main.storyboard; sourceTree = "<group>"; };
		06A2E9611CB56865001918FB /* Assets.xcassets */ = {isa = PBXFileReference; lastKnownFileType = folder.assetcatalog; path = Assets.xcassets; sourceTree = "<group>"; };
		06A2E9641CB56865001918FB /* Base */ = {isa = PBXFileReference; lastKnownFileType = file.storyboard; name = Base; path = Base.lproj/LaunchScreen.storyboard; sourceTree = "<group>"; };
		06A2E9661CB56865001918FB /* Info.plist */ = {isa = PBXFileReference; lastKnownFileType = text.plist.xml; path = Info.plist; sourceTree = "<group>"; };
		06A2E96B1CB56865001918FB /* markDownTests.xctest */ = {isa = PBXFileReference; explicitFileType = wrapper.cfbundle; includeInIndex = 0; path = markDownTests.xctest; sourceTree = BUILT_PRODUCTS_DIR; };
		06A2E96F1CB56865001918FB /* markDownTests.m */ = {isa = PBXFileReference; lastKnownFileType = sourcecode.c.objc; path = markDownTests.m; sourceTree = "<group>"; };
		06A2E9711CB56865001918FB /* Info.plist */ = {isa = PBXFileReference; lastKnownFileType = text.plist.xml; path = Info.plist; sourceTree = "<group>"; };
		06A2E9761CB56865001918FB /* markDownUITests.xctest */ = {isa = PBXFileReference; explicitFileType = wrapper.cfbundle; includeInIndex = 0; path = markDownUITests.xctest; sourceTree = BUILT_PRODUCTS_DIR; };
		06A2E97A1CB56865001918FB /* markDownUITests.m */ = {isa = PBXFileReference; lastKnownFileType = sourcecode.c.objc; path = markDownUITests.m; sourceTree = "<group>"; };
		06A2E97C1CB56865001918FB /* Info.plist */ = {isa = PBXFileReference; lastKnownFileType = text.plist.xml; path = Info.plist; sourceTree = "<group>"; };
		06A405BE1CE97B7600BF3625 /* purpleShowView.h */ = {isa = PBXFileReference; fileEncoding = 4; lastKnownFileType = sourcecode.c.h; name = purpleShowView.h; path = purpleShow/purpleShowView.h; sourceTree = "<group>"; };
		06A405BF1CE97B7600BF3625 /* purpleShowView.m */ = {isa = PBXFileReference; fileEncoding = 4; lastKnownFileType = sourcecode.c.objc; name = purpleShowView.m; path = purpleShow/purpleShowView.m; sourceTree = "<group>"; };
		06B2D0901CCD36DB00D2E6F3 /* purpleDocument.h */ = {isa = PBXFileReference; fileEncoding = 4; lastKnownFileType = sourcecode.c.h; name = purpleDocument.h; path = purpleText/purpleDocument.h; sourceTree = "<group>"; };
		06B2D0911CCD36DB00D2E6F3 /* purpleDocument.m */ = {isa = PBXFileReference; fileEncoding = 4; lastKnownFileType = sourcecode.c.objc; name = purpleDocument.m; path = purpleText/purpleDocument.m; sourceTree = "<group>"; };
		06B2D0931CCD37A300D2E6F3 /* purpleElement.h */ = {isa = PBXFileReference; fileEncoding = 4; lastKnownFileType = sourcecode.c.h; name = purpleElement.h; path = purpleText/purpleElement.h; sourceTree = "<group>"; };
		06B2D0941CCD37A300D2E6F3 /* purpleElement.m */ = {isa = PBXFileReference; fileEncoding = 4; lastKnownFileType = sourcecode.c.objc; name = purpleElement.m; path = purpleText/purpleElement.m; sourceTree = "<group>"; };
		06D04F501CF9A59200044FA2 /* AFHTTPRequestOperation.h */ = {isa = PBXFileReference; fileEncoding = 4; lastKnownFileType = sourcecode.c.h; name = AFHTTPRequestOperation.h; path = urlImage/AFNetworking/AFHTTPRequestOperation.h; sourceTree = "<group>"; };
		06D04F511CF9A59200044FA2 /* AFHTTPRequestOperation.m */ = {isa = PBXFileReference; fileEncoding = 4; lastKnownFileType = sourcecode.c.objc; name = AFHTTPRequestOperation.m; path = urlImage/AFNetworking/AFHTTPRequestOperation.m; sourceTree = "<group>"; };
		06D04F521CF9A59200044FA2 /* AFHTTPRequestOperationManager.h */ = {isa = PBXFileReference; fileEncoding = 4; lastKnownFileType = sourcecode.c.h; name = AFHTTPRequestOperationManager.h; path = urlImage/AFNetworking/AFHTTPRequestOperationManager.h; sourceTree = "<group>"; };
		06D04F531CF9A59200044FA2 /* AFHTTPRequestOperationManager.m */ = {isa = PBXFileReference; fileEncoding = 4; lastKnownFileType = sourcecode.c.objc; name = AFHTTPRequestOperationManager.m; path = urlImage/AFNetworking/AFHTTPRequestOperationManager.m; sourceTree = "<group>"; };
		06D04F541CF9A59200044FA2 /* AFHTTPSessionManager.h */ = {isa = PBXFileReference; fileEncoding = 4; lastKnownFileType = sourcecode.c.h; name = AFHTTPSessionManager.h; path = urlImage/AFNetworking/AFHTTPSessionManager.h; sourceTree = "<group>"; };
		06D04F551CF9A59200044FA2 /* AFHTTPSessionManager.m */ = {isa = PBXFileReference; fileEncoding = 4; lastKnownFileType = sourcecode.c.objc; name = AFHTTPSessionManager.m; path = urlImage/AFNetworking/AFHTTPSessionManager.m; sourceTree = "<group>"; };
		06D04F561CF9A59200044FA2 /* AFNetworking.h */ = {isa = PBXFileReference; fileEncoding = 4; lastKnownFileType = sourcecode.c.h; name = AFNetworking.h; path = urlImage/AFNetworking/AFNetworking.h; sourceTree = "<group>"; };
		06D04F571CF9A59200044FA2 /* AFNetworkReachabilityManager.h */ = {isa = PBXFileReference; fileEncoding = 4; lastKnownFileType = sourcecode.c.h; name = AFNetworkReachabilityManager.h; path = urlImage/AFNetworking/AFNetworkReachabilityManager.h; sourceTree = "<group>"; };
		06D04F581CF9A59200044FA2 /* AFNetworkReachabilityManager.m */ = {isa = PBXFileReference; fileEncoding = 4; lastKnownFileType = sourcecode.c.objc; name = AFNetworkReachabilityManager.m; path = urlImage/AFNetworking/AFNetworkReachabilityManager.m; sourceTree = "<group>"; };
		06D04F591CF9A59200044FA2 /* AFSecurityPolicy.h */ = {isa = PBXFileReference; fileEncoding = 4; lastKnownFileType = sourcecode.c.h; name = AFSecurityPolicy.h; path = urlImage/AFNetworking/AFSecurityPolicy.h; sourceTree = "<group>"; };
		06D04F5A1CF9A59200044FA2 /* AFSecurityPolicy.m */ = {isa = PBXFileReference; fileEncoding = 4; lastKnownFileType = sourcecode.c.objc; name = AFSecurityPolicy.m; path = urlImage/AFNetworking/AFSecurityPolicy.m; sourceTree = "<group>"; };
		06D04F5B1CF9A59200044FA2 /* AFURLConnectionOperation.h */ = {isa = PBXFileReference; fileEncoding = 4; lastKnownFileType = sourcecode.c.h; name = AFURLConnectionOperation.h; path = urlImage/AFNetworking/AFURLConnectionOperation.h; sourceTree = "<group>"; };
		06D04F5C1CF9A59200044FA2 /* AFURLConnectionOperation.m */ = {isa = PBXFileReference; fileEncoding = 4; lastKnownFileType = sourcecode.c.objc; name = AFURLConnectionOperation.m; path = urlImage/AFNetworking/AFURLConnectionOperation.m; sourceTree = "<group>"; };
		06D04F5D1CF9A59200044FA2 /* AFURLRequestSerialization.h */ = {isa = PBXFileReference; fileEncoding = 4; lastKnownFileType = sourcecode.c.h; name = AFURLRequestSerialization.h; path = urlImage/AFNetworking/AFURLRequestSerialization.h; sourceTree = "<group>"; };
		06D04F5E1CF9A59200044FA2 /* AFURLRequestSerialization.m */ = {isa = PBXFileReference; fileEncoding = 4; lastKnownFileType = sourcecode.c.objc; name = AFURLRequestSerialization.m; path = urlImage/AFNetworking/AFURLRequestSerialization.m; sourceTree = "<group>"; };
		06D04F5F1CF9A59200044FA2 /* AFURLResponseSerialization.h */ = {isa = PBXFileReference; fileEncoding = 4; lastKnownFileType = sourcecode.c.h; name = AFURLResponseSerialization.h; path = urlImage/AFNetworking/AFURLResponseSerialization.h; sourceTree = "<group>"; };
		06D04F601CF9A59200044FA2 /* AFURLResponseSerialization.m */ = {isa = PBXFileReference; fileEncoding = 4; lastKnownFileType = sourcecode.c.objc; name = AFURLResponseSerialization.m; path = urlImage/AFNetworking/AFURLResponseSerialization.m; sourceTree = "<group>"; };
		06D04F611CF9A59200044FA2 /* AFURLSessionManager.h */ = {isa = PBXFileReference; fileEncoding = 4; lastKnownFileType = sourcecode.c.h; name = AFURLSessionManager.h; path = urlImage/AFNetworking/AFURLSessionManager.h; sourceTree = "<group>"; };
		06D04F621CF9A59200044FA2 /* AFURLSessionManager.m */ = {isa = PBXFileReference; fileEncoding = 4; lastKnownFileType = sourcecode.c.objc; name = AFURLSessionManager.m; path = urlImage/AFNetworking/AFURLSessionManager.m; sourceTree = "<group>"; };
		06D04F6C1CF9A59F00044FA2 /* UrlPhoto.h */ = {isa = PBXFileReference; fileEncoding = 4; lastKnownFileType = sourcecode.c.h; name = UrlPhoto.h; path = urlImage/UrlPhoto.h; sourceTree = "<group>"; };
		06D04F6D1CF9A59F00044FA2 /* UrlPhoto.m */ = {isa = PBXFileReference; fileEncoding = 4; lastKnownFileType = sourcecode.c.objc; name = UrlPhoto.m; path = urlImage/UrlPhoto.m; sourceTree = "<group>"; };
		06D04F6F1CF9A64900044FA2 /* PhotoPathManager.h */ = {isa = PBXFileReference; fileEncoding = 4; lastKnownFileType = sourcecode.c.h; name = PhotoPathManager.h; path = urlImage/PhotoPathManager.h; sourceTree = "<group>"; };
		06D04F701CF9A64900044FA2 /* PhotoPathManager.m */ = {isa = PBXFileReference; fileEncoding = 4; lastKnownFileType = sourcecode.c.objc; name = PhotoPathManager.m; path = urlImage/PhotoPathManager.m; sourceTree = "<group>"; };
		06F795301CCE8A15002083D9 /* purpleParse.h */ = {isa = PBXFileReference; fileEncoding = 4; lastKnownFileType = sourcecode.c.h; name = purpleParse.h; path = purpleText/purpleParse.h; sourceTree = "<group>"; };
		06F795311CCE8A15002083D9 /* purpleParse.m */ = {isa = PBXFileReference; fileEncoding = 4; lastKnownFileType = sourcecode.c.objc; name = purpleParse.m; path = purpleText/purpleParse.m; sourceTree = "<group>"; };
/* End PBXFileReference section */

/* Begin PBXFrameworksBuildPhase section */
		06A2E94F1CB56865001918FB /* Frameworks */ = {
			isa = PBXFrameworksBuildPhase;
			buildActionMask = 2147483647;
			files = (
			);
			runOnlyForDeploymentPostprocessing = 0;
		};
		06A2E9681CB56865001918FB /* Frameworks */ = {
			isa = PBXFrameworksBuildPhase;
			buildActionMask = 2147483647;
			files = (
			);
			runOnlyForDeploymentPostprocessing = 0;
		};
		06A2E9731CB56865001918FB /* Frameworks */ = {
			isa = PBXFrameworksBuildPhase;
			buildActionMask = 2147483647;
			files = (
			);
			runOnlyForDeploymentPostprocessing = 0;
		};
/* End PBXFrameworksBuildPhase section */

/* Begin PBXGroup section */
		062ECDBF1CEE51CA00155906 /* resource */ = {
			isa = PBXGroup;
			children = (
				062ECDC01CEE520300155906 /* setting_New.png */,
			);
			name = resource;
			sourceTree = "<group>";
		};
		069BF4421D0122A300BA9E3E /* layout */ = {
			isa = PBXGroup;
			children = (
				069BF4561D012EE400BA9E3E /* purpleLayoutPluginConfigs.h */,
				069BF4571D012EE400BA9E3E /* purpleLayoutPluginConfigs.m */,
				069BF4431D0126EF00BA9E3E /* purpleBaseLayout.h */,
				069BF4441D0126EF00BA9E3E /* purpleBaseLayout.m */,
				069BF4591D0130BC00BA9E3E /* purpleBlackRoseLayout.h */,
				069BF45A1D0130BC00BA9E3E /* purpleBlackRoseLayout.m */,
			);
			name = layout;
			sourceTree = "<group>";
		};
		06A2E9491CB56865001918FB = {
			isa = PBXGroup;
			children = (
				06A2E9541CB56865001918FB /* markDown */,
				06A2E96E1CB56865001918FB /* markDownTests */,
				06A2E9791CB56865001918FB /* markDownUITests */,
				06A2E9531CB56865001918FB /* Products */,
			);
			sourceTree = "<group>";
		};
		06A2E9531CB56865001918FB /* Products */ = {
			isa = PBXGroup;
			children = (
				06A2E9521CB56865001918FB /* markDown.app */,
				06A2E96B1CB56865001918FB /* markDownTests.xctest */,
				06A2E9761CB56865001918FB /* markDownUITests.xctest */,
			);
			name = Products;
			sourceTree = "<group>";
		};
		06A2E9541CB56865001918FB /* markDown */ = {
			isa = PBXGroup;
			children = (
				06D04F4F1CF9A56200044FA2 /* AFNetworking */,
				06D04F4D1CF9A4F100044FA2 /* urlImage */,
				062ECDBF1CEE51CA00155906 /* resource */,
				06A405BD1CE97A2900BF3625 /* purpleShow */,
				06B2D08F1CCD34C800D2E6F3 /* purpleText */,
				06A2E9581CB56865001918FB /* AppDelegate.h */,
				06A2E9591CB56865001918FB /* AppDelegate.m */,
				06A2E95B1CB56865001918FB /* ViewController.h */,
				06A2E95C1CB56865001918FB /* ViewController.m */,
				06A2E95E1CB56865001918FB /* Main.storyboard */,
				06A2E9611CB56865001918FB /* Assets.xcassets */,
				06A2E9631CB56865001918FB /* LaunchScreen.storyboard */,
				06A2E9661CB56865001918FB /* Info.plist */,
				06A2E9551CB56865001918FB /* Supporting Files */,
			);
			path = markDown;
			sourceTree = "<group>";
		};
		06A2E9551CB56865001918FB /* Supporting Files */ = {
			isa = PBXGroup;
			children = (
				06A2E9561CB56865001918FB /* main.m */,
			);
			name = "Supporting Files";
			sourceTree = "<group>";
		};
		06A2E96E1CB56865001918FB /* markDownTests */ = {
			isa = PBXGroup;
			children = (
				06A2E96F1CB56865001918FB /* markDownTests.m */,
				06A2E9711CB56865001918FB /* Info.plist */,
			);
			path = markDownTests;
			sourceTree = "<group>";
		};
		06A2E9791CB56865001918FB /* markDownUITests */ = {
			isa = PBXGroup;
			children = (
				06A2E97A1CB56865001918FB /* markDownUITests.m */,
				06A2E97C1CB56865001918FB /* Info.plist */,
			);
			path = markDownUITests;
			sourceTree = "<group>";
		};
		06A405BD1CE97A2900BF3625 /* purpleShow */ = {
			isa = PBXGroup;
			children = (
				069BF4421D0122A300BA9E3E /* layout */,
				06A405BE1CE97B7600BF3625 /* purpleShowView.h */,
				06A405BF1CE97B7600BF3625 /* purpleShowView.m */,
			);
			name = purpleShow;
			sourceTree = "<group>";
		};
		06B2D08F1CCD34C800D2E6F3 /* purpleText */ = {
			isa = PBXGroup;
			children = (
				06B2D0901CCD36DB00D2E6F3 /* purpleDocument.h */,
				06B2D0911CCD36DB00D2E6F3 /* purpleDocument.m */,
				06B2D0931CCD37A300D2E6F3 /* purpleElement.h */,
				06B2D0941CCD37A300D2E6F3 /* purpleElement.m */,
				06F795301CCE8A15002083D9 /* purpleParse.h */,
				06F795311CCE8A15002083D9 /* purpleParse.m */,
				067972F41CCFA20200F9702C /* purpleScanner.h */,
				067972F51CCFA20200F9702C /* purpleScanner.m */,
				069997EC1CF54F8A00C85E9C /* purpleMarkDown.h */,
				069997ED1CF54F8A00C85E9C /* purpleMarkDown.m */,
			);
			name = purpleText;
			sourceTree = "<group>";
		};
		06D04F4D1CF9A4F100044FA2 /* urlImage */ = {
			isa = PBXGroup;
			children = (
				06D04F6F1CF9A64900044FA2 /* PhotoPathManager.h */,
				06D04F701CF9A64900044FA2 /* PhotoPathManager.m */,
				06D04F6C1CF9A59F00044FA2 /* UrlPhoto.h */,
				06D04F6D1CF9A59F00044FA2 /* UrlPhoto.m */,
			);
			name = urlImage;
			sourceTree = "<group>";
		};
		06D04F4F1CF9A56200044FA2 /* AFNetworking */ = {
			isa = PBXGroup;
			children = (
				06D04F501CF9A59200044FA2 /* AFHTTPRequestOperation.h */,
				06D04F511CF9A59200044FA2 /* AFHTTPRequestOperation.m */,
				06D04F521CF9A59200044FA2 /* AFHTTPRequestOperationManager.h */,
				06D04F531CF9A59200044FA2 /* AFHTTPRequestOperationManager.m */,
				06D04F541CF9A59200044FA2 /* AFHTTPSessionManager.h */,
				06D04F551CF9A59200044FA2 /* AFHTTPSessionManager.m */,
				06D04F561CF9A59200044FA2 /* AFNetworking.h */,
				06D04F571CF9A59200044FA2 /* AFNetworkReachabilityManager.h */,
				06D04F581CF9A59200044FA2 /* AFNetworkReachabilityManager.m */,
				06D04F591CF9A59200044FA2 /* AFSecurityPolicy.h */,
				06D04F5A1CF9A59200044FA2 /* AFSecurityPolicy.m */,
				06D04F5B1CF9A59200044FA2 /* AFURLConnectionOperation.h */,
				06D04F5C1CF9A59200044FA2 /* AFURLConnectionOperation.m */,
				06D04F5D1CF9A59200044FA2 /* AFURLRequestSerialization.h */,
				06D04F5E1CF9A59200044FA2 /* AFURLRequestSerialization.m */,
				06D04F5F1CF9A59200044FA2 /* AFURLResponseSerialization.h */,
				06D04F601CF9A59200044FA2 /* AFURLResponseSerialization.m */,
				06D04F611CF9A59200044FA2 /* AFURLSessionManager.h */,
				06D04F621CF9A59200044FA2 /* AFURLSessionManager.m */,
			);
			name = AFNetworking;
			sourceTree = "<group>";
		};
/* End PBXGroup section */

/* Begin PBXNativeTarget section */
		06A2E9511CB56865001918FB /* markDown */ = {
			isa = PBXNativeTarget;
			buildConfigurationList = 06A2E97F1CB56865001918FB /* Build configuration list for PBXNativeTarget "markDown" */;
			buildPhases = (
				06A2E94E1CB56865001918FB /* Sources */,
				06A2E94F1CB56865001918FB /* Frameworks */,
				06A2E9501CB56865001918FB /* Resources */,
			);
			buildRules = (
			);
			dependencies = (
			);
			name = markDown;
			productName = markDown;
			productReference = 06A2E9521CB56865001918FB /* markDown.app */;
			productType = "com.apple.product-type.application";
		};
		06A2E96A1CB56865001918FB /* markDownTests */ = {
			isa = PBXNativeTarget;
			buildConfigurationList = 06A2E9821CB56865001918FB /* Build configuration list for PBXNativeTarget "markDownTests" */;
			buildPhases = (
				06A2E9671CB56865001918FB /* Sources */,
				06A2E9681CB56865001918FB /* Frameworks */,
				06A2E9691CB56865001918FB /* Resources */,
			);
			buildRules = (
			);
			dependencies = (
				06A2E96D1CB56865001918FB /* PBXTargetDependency */,
			);
			name = markDownTests;
			productName = markDownTests;
			productReference = 06A2E96B1CB56865001918FB /* markDownTests.xctest */;
			productType = "com.apple.product-type.bundle.unit-test";
		};
		06A2E9751CB56865001918FB /* markDownUITests */ = {
			isa = PBXNativeTarget;
			buildConfigurationList = 06A2E9851CB56865001918FB /* Build configuration list for PBXNativeTarget "markDownUITests" */;
			buildPhases = (
				06A2E9721CB56865001918FB /* Sources */,
				06A2E9731CB56865001918FB /* Frameworks */,
				06A2E9741CB56865001918FB /* Resources */,
			);
			buildRules = (
			);
			dependencies = (
				06A2E9781CB56865001918FB /* PBXTargetDependency */,
			);
			name = markDownUITests;
			productName = markDownUITests;
			productReference = 06A2E9761CB56865001918FB /* markDownUITests.xctest */;
			productType = "com.apple.product-type.bundle.ui-testing";
		};
/* End PBXNativeTarget section */

/* Begin PBXProject section */
		06A2E94A1CB56865001918FB /* Project object */ = {
			isa = PBXProject;
			attributes = {
				LastUpgradeCheck = 0720;
				ORGANIZATIONNAME = tencent;
				TargetAttributes = {
					06A2E9511CB56865001918FB = {
						CreatedOnToolsVersion = 7.2;
						DevelopmentTeam = C23WBSUBM7;
					};
					06A2E96A1CB56865001918FB = {
						CreatedOnToolsVersion = 7.2;
						DevelopmentTeam = C23WBSUBM7;
						TestTargetID = 06A2E9511CB56865001918FB;
					};
					06A2E9751CB56865001918FB = {
						CreatedOnToolsVersion = 7.2;
						DevelopmentTeam = C23WBSUBM7;
						TestTargetID = 06A2E9511CB56865001918FB;
					};
				};
			};
			buildConfigurationList = 06A2E94D1CB56865001918FB /* Build configuration list for PBXProject "markDown" */;
			compatibilityVersion = "Xcode 3.2";
			developmentRegion = English;
			hasScannedForEncodings = 0;
			knownRegions = (
				en,
				Base,
			);
			mainGroup = 06A2E9491CB56865001918FB;
			productRefGroup = 06A2E9531CB56865001918FB /* Products */;
			projectDirPath = "";
			projectRoot = "";
			targets = (
				06A2E9511CB56865001918FB /* markDown */,
				06A2E96A1CB56865001918FB /* markDownTests */,
				06A2E9751CB56865001918FB /* markDownUITests */,
			);
		};
/* End PBXProject section */

/* Begin PBXResourcesBuildPhase section */
		06A2E9501CB56865001918FB /* Resources */ = {
			isa = PBXResourcesBuildPhase;
			buildActionMask = 2147483647;
			files = (
				06A2E9651CB56865001918FB /* LaunchScreen.storyboard in Resources */,
				062ECDC11CEE520300155906 /* setting_New.png in Resources */,
				06A2E9621CB56865001918FB /* Assets.xcassets in Resources */,
				06A2E9601CB56865001918FB /* Main.storyboard in Resources */,
			);
			runOnlyForDeploymentPostprocessing = 0;
		};
		06A2E9691CB56865001918FB /* Resources */ = {
			isa = PBXResourcesBuildPhase;
			buildActionMask = 2147483647;
			files = (
			);
			runOnlyForDeploymentPostprocessing = 0;
		};
		06A2E9741CB56865001918FB /* Resources */ = {
			isa = PBXResourcesBuildPhase;
			buildActionMask = 2147483647;
			files = (
			);
			runOnlyForDeploymentPostprocessing = 0;
		};
/* End PBXResourcesBuildPhase section */

/* Begin PBXSourcesBuildPhase section */
		06A2E94E1CB56865001918FB /* Sources */ = {
			isa = PBXSourcesBuildPhase;
			buildActionMask = 2147483647;
			files = (
				06D04F631CF9A59200044FA2 /* AFHTTPRequestOperation.m in Sources */,
				069BF45B1D0130BC00BA9E3E /* purpleBlackRoseLayout.m in Sources */,
				067972F61CCFA20200F9702C /* purpleScanner.m in Sources */,
				06B2D0921CCD36DB00D2E6F3 /* purpleDocument.m in Sources */,
				06A2E95D1CB56865001918FB /* ViewController.m in Sources */,
				06D04F6E1CF9A59F00044FA2 /* UrlPhoto.m in Sources */,
				06D04F651CF9A59200044FA2 /* AFHTTPSessionManager.m in Sources */,
				069BF4451D0126EF00BA9E3E /* purpleBaseLayout.m in Sources */,
				06D04F661CF9A59200044FA2 /* AFNetworkReachabilityManager.m in Sources */,
				06D04F6B1CF9A59200044FA2 /* AFURLSessionManager.m in Sources */,
				06A2E95A1CB56865001918FB /* AppDelegate.m in Sources */,
				06A2E9571CB56865001918FB /* main.m in Sources */,
				06D04F711CF9A64900044FA2 /* PhotoPathManager.m in Sources */,
				06D04F681CF9A59200044FA2 /* AFURLConnectionOperation.m in Sources */,
				06D04F6A1CF9A59200044FA2 /* AFURLResponseSerialization.m in Sources */,
				06D04F691CF9A59200044FA2 /* AFURLRequestSerialization.m in Sources */,
				069BF4581D012EE400BA9E3E /* purpleLayoutPluginConfigs.m in Sources */,
				06B2D0951CCD37A300D2E6F3 /* purpleElement.m in Sources */,
				06F795321CCE8A15002083D9 /* purpleParse.m in Sources */,
				06A405C01CE97B7600BF3625 /* purpleShowView.m in Sources */,
				06D04F641CF9A59200044FA2 /* AFHTTPRequestOperationManager.m in Sources */,
				06D04F671CF9A59200044FA2 /* AFSecurityPolicy.m in Sources */,
				069997EE1CF54F8A00C85E9C /* purpleMarkDown.m in Sources */,
			);
			runOnlyForDeploymentPostprocessing = 0;
		};
		06A2E9671CB56865001918FB /* Sources */ = {
			isa = PBXSourcesBuildPhase;
			buildActionMask = 2147483647;
			files = (
				06A2E9701CB56865001918FB /* markDownTests.m in Sources */,
			);
			runOnlyForDeploymentPostprocessing = 0;
		};
		06A2E9721CB56865001918FB /* Sources */ = {
			isa = PBXSourcesBuildPhase;
			buildActionMask = 2147483647;
			files = (
				06A2E97B1CB56865001918FB /* markDownUITests.m in Sources */,
			);
			runOnlyForDeploymentPostprocessing = 0;
		};
/* End PBXSourcesBuildPhase section */

/* Begin PBXTargetDependency section */
		06A2E96D1CB56865001918FB /* PBXTargetDependency */ = {
			isa = PBXTargetDependency;
			target = 06A2E9511CB56865001918FB /* markDown */;
			targetProxy = 06A2E96C1CB56865001918FB /* PBXContainerItemProxy */;
		};
		06A2E9781CB56865001918FB /* PBXTargetDependency */ = {
			isa = PBXTargetDependency;
			target = 06A2E9511CB56865001918FB /* markDown */;
			targetProxy = 06A2E9771CB56865001918FB /* PBXContainerItemProxy */;
		};
/* End PBXTargetDependency section */

/* Begin PBXVariantGroup section */
		06A2E95E1CB56865001918FB /* Main.storyboard */ = {
			isa = PBXVariantGroup;
			children = (
				06A2E95F1CB56865001918FB /* Base */,
			);
			name = Main.storyboard;
			sourceTree = "<group>";
		};
		06A2E9631CB56865001918FB /* LaunchScreen.storyboard */ = {
			isa = PBXVariantGroup;
			children = (
				06A2E9641CB56865001918FB /* Base */,
			);
			name = LaunchScreen.storyboard;
			sourceTree = "<group>";
		};
/* End PBXVariantGroup section */

/* Begin XCBuildConfiguration section */
		06A2E97D1CB56865001918FB /* Debug */ = {
			isa = XCBuildConfiguration;
			buildSettings = {
				ALWAYS_SEARCH_USER_PATHS = NO;
				CLANG_CXX_LANGUAGE_STANDARD = "gnu++0x";
				CLANG_CXX_LIBRARY = "libc++";
				CLANG_ENABLE_MODULES = YES;
				CLANG_ENABLE_OBJC_ARC = YES;
				CLANG_WARN_BOOL_CONVERSION = YES;
				CLANG_WARN_CONSTANT_CONVERSION = YES;
				CLANG_WARN_DIRECT_OBJC_ISA_USAGE = YES_ERROR;
				CLANG_WARN_EMPTY_BODY = YES;
				CLANG_WARN_ENUM_CONVERSION = YES;
				CLANG_WARN_INT_CONVERSION = YES;
				CLANG_WARN_OBJC_ROOT_CLASS = YES_ERROR;
				CLANG_WARN_UNREACHABLE_CODE = YES;
				CLANG_WARN__DUPLICATE_METHOD_MATCH = YES;
				"CODE_SIGN_IDENTITY[sdk=iphoneos*]" = "iPhone Developer";
				COPY_PHASE_STRIP = NO;
				DEBUG_INFORMATION_FORMAT = dwarf;
				ENABLE_STRICT_OBJC_MSGSEND = YES;
				ENABLE_TESTABILITY = YES;
				GCC_C_LANGUAGE_STANDARD = gnu99;
				GCC_DYNAMIC_NO_PIC = NO;
				GCC_NO_COMMON_BLOCKS = YES;
				GCC_OPTIMIZATION_LEVEL = 0;
				GCC_PREPROCESSOR_DEFINITIONS = (
					"DEBUG=1",
					"$(inherited)",
				);
				GCC_WARN_64_TO_32_BIT_CONVERSION = YES;
				GCC_WARN_ABOUT_RETURN_TYPE = YES_ERROR;
				GCC_WARN_UNDECLARED_SELECTOR = YES;
				GCC_WARN_UNINITIALIZED_AUTOS = YES_AGGRESSIVE;
				GCC_WARN_UNUSED_FUNCTION = YES;
				GCC_WARN_UNUSED_VARIABLE = YES;
				IPHONEOS_DEPLOYMENT_TARGET = 9.2;
				MTL_ENABLE_DEBUG_INFO = YES;
				ONLY_ACTIVE_ARCH = YES;
				SDKROOT = iphoneos;
			};
			name = Debug;
		};
		06A2E97E1CB56865001918FB /* Release */ = {
			isa = XCBuildConfiguration;
			buildSettings = {
				ALWAYS_SEARCH_USER_PATHS = NO;
				CLANG_CXX_LANGUAGE_STANDARD = "gnu++0x";
				CLANG_CXX_LIBRARY = "libc++";
				CLANG_ENABLE_MODULES = YES;
				CLANG_ENABLE_OBJC_ARC = YES;
				CLANG_WARN_BOOL_CONVERSION = YES;
				CLANG_WARN_CONSTANT_CONVERSION = YES;
				CLANG_WARN_DIRECT_OBJC_ISA_USAGE = YES_ERROR;
				CLANG_WARN_EMPTY_BODY = YES;
				CLANG_WARN_ENUM_CONVERSION = YES;
				CLANG_WARN_INT_CONVERSION = YES;
				CLANG_WARN_OBJC_ROOT_CLASS = YES_ERROR;
				CLANG_WARN_UNREACHABLE_CODE = YES;
				CLANG_WARN__DUPLICATE_METHOD_MATCH = YES;
				"CODE_SIGN_IDENTITY[sdk=iphoneos*]" = "iPhone Developer";
				COPY_PHASE_STRIP = NO;
				DEBUG_INFORMATION_FORMAT = "dwarf-with-dsym";
				ENABLE_NS_ASSERTIONS = NO;
				ENABLE_STRICT_OBJC_MSGSEND = YES;
				GCC_C_LANGUAGE_STANDARD = gnu99;
				GCC_NO_COMMON_BLOCKS = YES;
				GCC_WARN_64_TO_32_BIT_CONVERSION = YES;
				GCC_WARN_ABOUT_RETURN_TYPE = YES_ERROR;
				GCC_WARN_UNDECLARED_SELECTOR = YES;
				GCC_WARN_UNINITIALIZED_AUTOS = YES_AGGRESSIVE;
				GCC_WARN_UNUSED_FUNCTION = YES;
				GCC_WARN_UNUSED_VARIABLE = YES;
				IPHONEOS_DEPLOYMENT_TARGET = 9.2;
				MTL_ENABLE_DEBUG_INFO = NO;
				SDKROOT = iphoneos;
				VALIDATE_PRODUCT = YES;
			};
			name = Release;
		};
		06A2E9801CB56865001918FB /* Debug */ = {
			isa = XCBuildConfiguration;
			buildSettings = {
				ASSETCATALOG_COMPILER_APPICON_NAME = AppIcon;
				INFOPLIST_FILE = markDown/Info.plist;
				LD_RUNPATH_SEARCH_PATHS = "$(inherited) @executable_path/Frameworks";
				PRODUCT_BUNDLE_IDENTIFIER = tencent.markDown;
				PRODUCT_NAME = "$(TARGET_NAME)";
			};
			name = Debug;
		};
		06A2E9811CB56865001918FB /* Release */ = {
			isa = XCBuildConfiguration;
			buildSettings = {
				ASSETCATALOG_COMPILER_APPICON_NAME = AppIcon;
				INFOPLIST_FILE = markDown/Info.plist;
				LD_RUNPATH_SEARCH_PATHS = "$(inherited) @executable_path/Frameworks";
				PRODUCT_BUNDLE_IDENTIFIER = tencent.markDown;
				PRODUCT_NAME = "$(TARGET_NAME)";
			};
			name = Release;
		};
		06A2E9831CB56865001918FB /* Debug */ = {
			isa = XCBuildConfiguration;
			buildSettings = {
				BUNDLE_LOADER = "$(TEST_HOST)";
				INFOPLIST_FILE = markDownTests/Info.plist;
				LD_RUNPATH_SEARCH_PATHS = "$(inherited) @executable_path/Frameworks @loader_path/Frameworks";
				PRODUCT_BUNDLE_IDENTIFIER = tencent.markDownTests;
				PRODUCT_NAME = "$(TARGET_NAME)";
				TEST_HOST = "$(BUILT_PRODUCTS_DIR)/markDown.app/markDown";
			};
			name = Debug;
		};
		06A2E9841CB56865001918FB /* Release */ = {
			isa = XCBuildConfiguration;
			buildSettings = {
				BUNDLE_LOADER = "$(TEST_HOST)";
				INFOPLIST_FILE = markDownTests/Info.plist;
				LD_RUNPATH_SEARCH_PATHS = "$(inherited) @executable_path/Frameworks @loader_path/Frameworks";
				PRODUCT_BUNDLE_IDENTIFIER = tencent.markDownTests;
				PRODUCT_NAME = "$(TARGET_NAME)";
				TEST_HOST = "$(BUILT_PRODUCTS_DIR)/markDown.app/markDown";
			};
			name = Release;
		};
		06A2E9861CB56865001918FB /* Debug */ = {
			isa = XCBuildConfiguration;
			buildSettings = {
				INFOPLIST_FILE = markDownUITests/Info.plist;
				LD_RUNPATH_SEARCH_PATHS = "$(inherited) @executable_path/Frameworks @loader_path/Frameworks";
				PRODUCT_BUNDLE_IDENTIFIER = tencent.markDownUITests;
				PRODUCT_NAME = "$(TARGET_NAME)";
				TEST_TARGET_NAME = markDown;
				USES_XCTRUNNER = YES;
			};
			name = Debug;
		};
		06A2E9871CB56865001918FB /* Release */ = {
			isa = XCBuildConfiguration;
			buildSettings = {
				INFOPLIST_FILE = markDownUITests/Info.plist;
				LD_RUNPATH_SEARCH_PATHS = "$(inherited) @executable_path/Frameworks @loader_path/Frameworks";
				PRODUCT_BUNDLE_IDENTIFIER = tencent.markDownUITests;
				PRODUCT_NAME = "$(TARGET_NAME)";
				TEST_TARGET_NAME = markDown;
				USES_XCTRUNNER = YES;
			};
			name = Release;
		};
/* End XCBuildConfiguration section */

/* Begin XCConfigurationList section */
		06A2E94D1CB56865001918FB /* Build configuration list for PBXProject "markDown" */ = {
			isa = XCConfigurationList;
			buildConfigurations = (
				06A2E97D1CB56865001918FB /* Debug */,
				06A2E97E1CB56865001918FB /* Release */,
			);
			defaultConfigurationIsVisible = 0;
			defaultConfigurationName = Release;
		};
		06A2E97F1CB56865001918FB /* Build configuration list for PBXNativeTarget "markDown" */ = {
			isa = XCConfigurationList;
			buildConfigurations = (
				06A2E9801CB56865001918FB /* Debug */,
				06A2E9811CB56865001918FB /* Release */,
			);
			defaultConfigurationIsVisible = 0;
			defaultConfigurationName = Release;
		};
		06A2E9821CB56865001918FB /* Build configuration list for PBXNativeTarget "markDownTests" */ = {
			isa = XCConfigurationList;
			buildConfigurations = (
				06A2E9831CB56865001918FB /* Debug */,
				06A2E9841CB56865001918FB /* Release */,
			);
			defaultConfigurationIsVisible = 0;
			defaultConfigurationName = Release;
		};
		06A2E9851CB56865001918FB /* Build configuration list for PBXNativeTarget "markDownUITests" */ = {
			isa = XCConfigurationList;
			buildConfigurations = (
				06A2E9861CB56865001918FB /* Debug */,
				06A2E9871CB56865001918FB /* Release */,
			);
			defaultConfigurationIsVisible = 0;
			defaultConfigurationName = Release;
		};
/* End XCConfigurationList section */
	};
	rootObject = 06A2E94A1CB56865001918FB /* Project object */;
}
